
Microsoft Visual Studio Solution File, Format Version 12.00
# Visual Studio 14
VisualStudioVersion = 14.0.25420.1
MinimumVisualStudioVersion = 10.0.40219.1
Project("{FAE04EC0-301F-11D3-BF4B-00C04F79EFBC}") = "LNTrello", "LNTrello\LNTrello.csproj", "{438E149E-5DA2-4E48-AB7E-B65CAAEEBEDA}"
EndProject
Project("{FAE04EC0-301F-11D3-BF4B-00C04F79EFBC}") = "LNTrello.Tests", "LNTrello.Tests\LNTrello.Tests.csproj", "{A272F654-4911-49C0-B55E-C2E5EB49121A}"
EndProject
Project("{FAE04EC0-301F-11D3-BF4B-00C04F79EFBC}") = "TrelloService.Tests", "TrelloService.Tests\TrelloService.Tests.csproj", "{B1BA3F80-89D9-4BE4-8E50-D4AD735D1A20}"
EndProject
Global
	GlobalSection(SolutionConfigurationPlatforms) = preSolution
		Debug|Any CPU = Debug|Any CPU
		Release|Any CPU = Release|Any CPU
	EndGlobalSection
	GlobalSection(ProjectConfigurationPlatforms) = postSolution
		{438E149E-5DA2-4E48-AB7E-B65CAAEEBEDA}.Debug|Any CPU.ActiveCfg = Debug|Any CPU
		{438E149E-5DA2-4E48-AB7E-B65CAAEEBEDA}.Debug|Any CPU.Build.0 = Debug|Any CPU
		{438E149E-5DA2-4E48-AB7E-B65CAAEEBEDA}.Release|Any CPU.ActiveCfg = Release|Any CPU
		{438E149E-5DA2-4E48-AB7E-B65CAAEEBEDA}.Release|Any CPU.Build.0 = Release|Any CPU
		{A272F654-4911-49C0-B55E-C2E5EB49121A}.Debug|Any CPU.ActiveCfg = Debug|Any CPU
		{A272F654-4911-49C0-B55E-C2E5EB49121A}.Debug|Any CPU.Build.0 = Debug|Any CPU
		{A272F654-4911-49C0-B55E-C2E5EB49121A}.Release|Any CPU.ActiveCfg = Release|Any CPU
		{A272F654-4911-49C0-B55E-C2E5EB49121A}.Release|Any CPU.Build.0 = Release|Any CPU
		{B1BA3F80-89D9-4BE4-8E50-D4AD735D1A20}.Debug|Any CPU.ActiveCfg = Debug|Any CPU
		{B1BA3F80-89D9-4BE4-8E50-D4AD735D1A20}.Debug|Any CPU.Build.0 = Debug|Any CPU
		{B1BA3F80-89D9-4BE4-8E50-D4AD735D1A20}.Release|Any CPU.ActiveCfg = Release|Any CPU
		{B1BA3F80-89D9-4BE4-8E50-D4AD735D1A20}.Release|Any CPU.Build.0 = Release|Any CPU
	EndGlobalSection
	GlobalSection(SolutionProperties) = preSolution
		HideSolutionNode = FALSE
	EndGlobalSection
	GlobalSection(ExtensibilityGlobals) = postSolution
		EnterpriseLibraryConfigurationToolBinariesPath = packages\Unity.2.1.505.0\lib\NET35
	EndGlobalSection
EndGlobal
